
Microsoft Visual Studio Solution File, Format Version 12.00
# Visual Studio Version 17
VisualStudioVersion = 17.0.31903.59
MinimumVisualStudioVersion = 10.0.40219.1
Project("{FAE04EC0-301F-11D3-BF4B-00C04F79EFBC}") = "Squircle.Core", "Squircle.Core\Squircle.Core.csproj", "{A33C00F6-D0C4-40D0-B577-015412F17DFE}"
EndProject
Project("{FAE04EC0-301F-11D3-BF4B-00C04F79EFBC}") = "Squircle.WinUI3.Sample", "Squircle.WinUI3.Sample\Squircle.WinUI3.Sample.csproj", "{A233387D-4147-4988-B643-8AC0490EE0BB}"
EndProject
Project("{FAE04EC0-301F-11D3-BF4B-00C04F79EFBC}") = "Squircle.Wpf.Sample", "Squircle.Wpf.Sample\Squircle.Wpf.Sample.csproj", "{1F66DA35-37C3-4B61-A255-9ED0EDD0B748}"
EndProject
Project("{FAE04EC0-301F-11D3-BF4B-00C04F79EFBC}") = "Squircle.Wpf", "Squircle.Wpf\Squircle.Wpf.csproj", "{53249256-83A0-48AE-AB7E-49EE331C2F0B}"
EndProject
Project("{FAE04EC0-301F-11D3-BF4B-00C04F79EFBC}") = "Squircle.WinUI3", "Squircle.WinUI3\Squircle.WinUI3.csproj", "{D3E23584-B92C-408C-98F0-36352B69B0AD}"
EndProject
Project("{2150E333-8FDC-42A3-9474-1A3956D46DE8}") = "Libraries", "Libraries", "{8772E53B-1252-405D-8137-F6D2E18669F1}"
EndProject
Project("{2150E333-8FDC-42A3-9474-1A3956D46DE8}") = "Samples", "Samples", "{DC541A03-1D01-4DB6-8027-6BF3D3F7194A}"
EndProject
Global
	GlobalSection(SolutionConfigurationPlatforms) = preSolution
		Debug|ARM64 = Debug|ARM64
		Debug|x64 = Debug|x64
		Debug|x86 = Debug|x86
		Release|ARM64 = Release|ARM64
		Release|x64 = Release|x64
		Release|x86 = Release|x86
	EndGlobalSection
	GlobalSection(ProjectConfigurationPlatforms) = postSolution
		{A33C00F6-D0C4-40D0-B577-015412F17DFE}.Debug|ARM64.ActiveCfg = Debug|ARM64
		{A33C00F6-D0C4-40D0-B577-015412F17DFE}.Debug|ARM64.Build.0 = Debug|ARM64
		{A33C00F6-D0C4-40D0-B577-015412F17DFE}.Debug|x64.ActiveCfg = Debug|x64
		{A33C00F6-D0C4-40D0-B577-015412F17DFE}.Debug|x64.Build.0 = Debug|x64
		{A33C00F6-D0C4-40D0-B577-015412F17DFE}.Debug|x86.ActiveCfg = Debug|x86
		{A33C00F6-D0C4-40D0-B577-015412F17DFE}.Debug|x86.Build.0 = Debug|x86
		{A33C00F6-D0C4-40D0-B577-015412F17DFE}.Release|ARM64.ActiveCfg = Release|ARM64
		{A33C00F6-D0C4-40D0-B577-015412F17DFE}.Release|ARM64.Build.0 = Release|ARM64
		{A33C00F6-D0C4-40D0-B577-015412F17DFE}.Release|x64.ActiveCfg = Release|x64
		{A33C00F6-D0C4-40D0-B577-015412F17DFE}.Release|x64.Build.0 = Release|x64
		{A33C00F6-D0C4-40D0-B577-015412F17DFE}.Release|x86.ActiveCfg = Release|x86
		{A33C00F6-D0C4-40D0-B577-015412F17DFE}.Release|x86.Build.0 = Release|x86
		{A233387D-4147-4988-B643-8AC0490EE0BB}.Debug|ARM64.ActiveCfg = Debug|ARM64
		{A233387D-4147-4988-B643-8AC0490EE0BB}.Debug|ARM64.Build.0 = Debug|ARM64
		{A233387D-4147-4988-B643-8AC0490EE0BB}.Debug|ARM64.Deploy.0 = Debug|ARM64
		{A233387D-4147-4988-B643-8AC0490EE0BB}.Debug|x64.ActiveCfg = Debug|x64
		{A233387D-4147-4988-B643-8AC0490EE0BB}.Debug|x64.Build.0 = Debug|x64
		{A233387D-4147-4988-B643-8AC0490EE0BB}.Debug|x64.Deploy.0 = Debug|x64
		{A233387D-4147-4988-B643-8AC0490EE0BB}.Debug|x86.ActiveCfg = Debug|x86
		{A233387D-4147-4988-B643-8AC0490EE0BB}.Debug|x86.Build.0 = Debug|x86
		{A233387D-4147-4988-B643-8AC0490EE0BB}.Debug|x86.Deploy.0 = Debug|x86
		{A233387D-4147-4988-B643-8AC0490EE0BB}.Release|ARM64.ActiveCfg = Release|ARM64
		{A233387D-4147-4988-B643-8AC0490EE0BB}.Release|ARM64.Build.0 = Release|ARM64
		{A233387D-4147-4988-B643-8AC0490EE0BB}.Release|ARM64.Deploy.0 = Release|ARM64
		{A233387D-4147-4988-B643-8AC0490EE0BB}.Release|x64.ActiveCfg = Release|x64
		{A233387D-4147-4988-B643-8AC0490EE0BB}.Release|x64.Build.0 = Release|x64
		{A233387D-4147-4988-B643-8AC0490EE0BB}.Release|x64.Deploy.0 = Release|x64
		{A233387D-4147-4988-B643-8AC0490EE0BB}.Release|x86.ActiveCfg = Release|x86
		{A233387D-4147-4988-B643-8AC0490EE0BB}.Release|x86.Build.0 = Release|x86
		{A233387D-4147-4988-B643-8AC0490EE0BB}.Release|x86.Deploy.0 = Release|x86
		{1F66DA35-37C3-4B61-A255-9ED0EDD0B748}.Debug|ARM64.ActiveCfg = Debug|ARM64
		{1F66DA35-37C3-4B61-A255-9ED0EDD0B748}.Debug|ARM64.Build.0 = Debug|ARM64
		{1F66DA35-37C3-4B61-A255-9ED0EDD0B748}.Debug|x64.ActiveCfg = Debug|x64
		{1F66DA35-37C3-4B61-A255-9ED0EDD0B748}.Debug|x64.Build.0 = Debug|x64
		{1F66DA35-37C3-4B61-A255-9ED0EDD0B748}.Debug|x86.ActiveCfg = Debug|x86
		{1F66DA35-37C3-4B61-A255-9ED0EDD0B748}.Debug|x86.Build.0 = Debug|x86
		{1F66DA35-37C3-4B61-A255-9ED0EDD0B748}.Release|ARM64.ActiveCfg = Release|ARM64
		{1F66DA35-37C3-4B61-A255-9ED0EDD0B748}.Release|ARM64.Build.0 = Release|ARM64
		{1F66DA35-37C3-4B61-A255-9ED0EDD0B748}.Release|x64.ActiveCfg = Release|x64
		{1F66DA35-37C3-4B61-A255-9ED0EDD0B748}.Release|x64.Build.0 = Release|x64
		{1F66DA35-37C3-4B61-A255-9ED0EDD0B748}.Release|x86.ActiveCfg = Release|x86
		{1F66DA35-37C3-4B61-A255-9ED0EDD0B748}.Release|x86.Build.0 = Release|x86
		{53249256-83A0-48AE-AB7E-49EE331C2F0B}.Debug|ARM64.ActiveCfg = Debug|ARM64
		{53249256-83A0-48AE-AB7E-49EE331C2F0B}.Debug|ARM64.Build.0 = Debug|ARM64
		{53249256-83A0-48AE-AB7E-49EE331C2F0B}.Debug|x64.ActiveCfg = Debug|x64
		{53249256-83A0-48AE-AB7E-49EE331C2F0B}.Debug|x64.Build.0 = Debug|x64
		{53249256-83A0-48AE-AB7E-49EE331C2F0B}.Debug|x86.ActiveCfg = Debug|x86
		{53249256-83A0-48AE-AB7E-49EE331C2F0B}.Debug|x86.Build.0 = Debug|x86
		{53249256-83A0-48AE-AB7E-49EE331C2F0B}.Release|ARM64.ActiveCfg = Release|ARM64
		{53249256-83A0-48AE-AB7E-49EE331C2F0B}.Release|ARM64.Build.0 = Release|ARM64
		{53249256-83A0-48AE-AB7E-49EE331C2F0B}.Release|x64.ActiveCfg = Release|x64
		{53249256-83A0-48AE-AB7E-49EE331C2F0B}.Release|x64.Build.0 = Release|x64
		{53249256-83A0-48AE-AB7E-49EE331C2F0B}.Release|x86.ActiveCfg = Release|x86
		{53249256-83A0-48AE-AB7E-49EE331C2F0B}.Release|x86.Build.0 = Release|x86
		{D3E23584-B92C-408C-98F0-36352B69B0AD}.Debug|ARM64.ActiveCfg = Debug|ARM64
		{D3E23584-B92C-408C-98F0-36352B69B0AD}.Debug|ARM64.Build.0 = Debug|ARM64
		{D3E23584-B92C-408C-98F0-36352B69B0AD}.Debug|x64.ActiveCfg = Debug|x64
		{D3E23584-B92C-408C-98F0-36352B69B0AD}.Debug|x64.Build.0 = Debug|x64
		{D3E23584-B92C-408C-98F0-36352B69B0AD}.Debug|x86.ActiveCfg = Debug|x86
		{D3E23584-B92C-408C-98F0-36352B69B0AD}.Debug|x86.Build.0 = Debug|x86
		{D3E23584-B92C-408C-98F0-36352B69B0AD}.Release|ARM64.ActiveCfg = Release|ARM64
		{D3E23584-B92C-408C-98F0-36352B69B0AD}.Release|ARM64.Build.0 = Release|ARM64
		{D3E23584-B92C-408C-98F0-36352B69B0AD}.Release|x64.ActiveCfg = Release|x64
		{D3E23584-B92C-408C-98F0-36352B69B0AD}.Release|x64.Build.0 = Release|x64
		{D3E23584-B92C-408C-98F0-36352B69B0AD}.Release|x86.ActiveCfg = Release|x86
		{D3E23584-B92C-408C-98F0-36352B69B0AD}.Release|x86.Build.0 = Release|x86
	EndGlobalSection
	GlobalSection(SolutionProperties) = preSolution
		HideSolutionNode = FALSE
	EndGlobalSection
	GlobalSection(NestedProjects) = preSolution
		{A33C00F6-D0C4-40D0-B577-015412F17DFE} = {8772E53B-1252-405D-8137-F6D2E18669F1}
		{A233387D-4147-4988-B643-8AC0490EE0BB} = {DC541A03-1D01-4DB6-8027-6BF3D3F7194A}
		{1F66DA35-37C3-4B61-A255-9ED0EDD0B748} = {DC541A03-1D01-4DB6-8027-6BF3D3F7194A}
		{53249256-83A0-48AE-AB7E-49EE331C2F0B} = {8772E53B-1252-405D-8137-F6D2E18669F1}
		{D3E23584-B92C-408C-98F0-36352B69B0AD} = {8772E53B-1252-405D-8137-F6D2E18669F1}
	EndGlobalSection
	GlobalSection(ExtensibilityGlobals) = postSolution
		SolutionGuid = {B8196051-C5AA-40EA-9EB6-DD485E09439B}
	EndGlobalSection
EndGlobal
